<?xml version="1.0" encoding="utf-8"?>
<Project ToolsVersion="4.0" xmlns="http://schemas.microsoft.com/developer/msbuild/2003">
  <ItemGroup>
    <None Include="build.bat" />
    <None Include="README.md" />
  </ItemGroup>
  <ItemGroup>
    <ClCompile Include="code\apu.cpp" />
    <ClCompile Include="code\cpu.cpp" />
    <ClCompile Include="code\cartridge.cpp" />
    <ClCompile Include="code\nes.cpp" />
    <ClCompile Include="code\ppu.cpp" />
    <ClCompile Include="code\main.cpp" />
    <ClCompile Include="libs\raylib\include\external\tinyfiledialogs.cpp" />
  </ItemGroup>
  <ItemGroup>
    <ClInclude Include="code\apu.h" />
    <ClInclude Include="code\cpu.h" />
    <ClInclude Include="code\globals.h" />
    <ClInclude Include="code\nes.h" />
    <ClInclude Include="code\ppu.h" />
    <ClInclude Include="code\cartridge.h" />
    <ClInclude Include="libs\raylib\include\raygui.h" />
    <ClInclude Include="libs\raylib\include\gui_file_dialogs.h" />
    <ClInclude Include="libs\raylib\include\external\tinyfiledialogs.h" />
  </ItemGroup>
</Project>