
Microsoft Visual Studio Solution File, Format Version 12.00
# Visual Studio Version 17
VisualStudioVersion = 17.3.32825.248
MinimumVisualStudioVersion = 10.0.40219.1
Project("{8BC9CEB8-8B4A-11D0-8D11-00A0C91BC942}") = "tuNES", "tuNES.vcxproj", "{A3CA1CBF-D5DE-438C-B58D-BA98B34EED57}"
EndProject
Global
	GlobalSection(SolutionConfigurationPlatforms) = preSolution
		Debug|x64 = Debug|x64
		Release|x64 = Release|x64
	EndGlobalSection
	GlobalSection(ProjectConfigurationPlatforms) = postSolution
		{A3CA1CBF-D5DE-438C-B58D-BA98B34EED57}.Debug|x64.ActiveCfg = Debug|x64
		{A3CA1CBF-D5DE-438C-B58D-BA98B34EED57}.Debug|x64.Build.0 = Debug|x64
		{A3CA1CBF-D5DE-438C-B58D-BA98B34EED57}.Release|x64.ActiveCfg = Release|x64
		{A3CA1CBF-D5DE-438C-B58D-BA98B34EED57}.Release|x64.Build.0 = Release|x64
	EndGlobalSection
	GlobalSection(SolutionProperties) = preSolution
		HideSolutionNode = FALSE
	EndGlobalSection
	GlobalSection(ExtensibilityGlobals) = postSolution
		SolutionGuid = {C72B8FD6-901B-4428-9C43-EA4BC3F6C774}
	EndGlobalSection
EndGlobal
